PODS:
  - CreditCardValidator (0.5.3)
  - DropDown (2.3.13)
  - PayazaPod (0.1.4):
    - DropDown
    - Socket.IO-Client-Swift (~> 16.1.0)
  - Socket.IO-Client-Swift (16.1.0):
    - Starscream (~> 4.0.6)
  - Starscream (4.0.6)

DEPENDENCIES:
  - CreditCardValidator (~> 0.5.3)
  - DropDown
  - PayazaPod (from `../`)
  - Socket.IO-Client-Swift (~> 16.1.0)

SPEC REPOS:
  trunk:
    - CreditCardValidator
    - DropDown
    - Socket.IO-Client-Swift
    - Starscream

EXTERNAL SOURCES:
  PayazaPod:
    :path: "../"

SPEC CHECKSUMS:
  CreditCardValidator: 8306e89b1092e03a146c1bd40943cff09e816772
  DropDown: 8a2116376c1981888557f72ec2ffc9a5e0e456ec
  PayazaPod: 98fb662ac63a896154dcf0ed22dd927e721efab9
  Socket.IO-Client-Swift: ee4b8f80a3db18dd7f32b266ddf273310609443c
  Starscream: fb2c4510bebf908c62bd383bcf05e673720e91fd

PODFILE CHECKSUM: a0648a486942729f7a7a798d964cb22a99693ff9

COCOAPODS: 1.12.1
